
Microsoft Visual Studio Solution File, Format Version 12.00
# Visual Studio Version 17
VisualStudioVersion = 17.2.32526.322
MinimumVisualStudioVersion = 10.0.40219.1
Project("{FAE04EC0-301F-11D3-BF4B-00C04F79EFBC}") = "DEMOSELENIUM", "DEMOSELENIUM\DEMOSELENIUM.csproj", "{BFB1924E-81A2-4260-97BB-E8957F74BD8A}"
EndProject
Global
	GlobalSection(SolutionConfigurationPlatforms) = preSolution
		Debug|Any CPU = Debug|Any CPU
		Release|Any CPU = Release|Any CPU
	EndGlobalSection
	GlobalSection(ProjectConfigurationPlatforms) = postSolution
		{BFB1924E-81A2-4260-97BB-E8957F74BD8A}.Debug|Any CPU.ActiveCfg = Debug|Any CPU
		{BFB1924E-81A2-4260-97BB-E8957F74BD8A}.Debug|Any CPU.Build.0 = Debug|Any CPU
		{BFB1924E-81A2-4260-97BB-E8957F74BD8A}.Release|Any CPU.ActiveCfg = Release|Any CPU
		{BFB1924E-81A2-4260-97BB-E8957F74BD8A}.Release|Any CPU.Build.0 = Release|Any CPU
	EndGlobalSection
	GlobalSection(SolutionProperties) = preSolution
		HideSolutionNode = FALSE
	EndGlobalSection
	GlobalSection(ExtensibilityGlobals) = postSolution
		SolutionGuid = {8BBFE8C4-E7F4-443C-80B3-D16E0821C6FD}
	EndGlobalSection
EndGlobal
